
Microsoft Visual Studio Solution File, Format Version 12.00
# Visual Studio Version 16
VisualStudioVersion = 16.0.29306.81
MinimumVisualStudioVersion = 10.0.40219.1
Project("{FAE04EC0-301F-11D3-BF4B-00C04F79EFBC}") = "Fiilter", "Fiilter\Fiilter.csproj", "{A6CF4C8B-CCD2-4D8D-9B44-025BC2E1EAC7}"
EndProject
Global
	GlobalSection(SolutionConfigurationPlatforms) = preSolution
		Debug|Any CPU = Debug|Any CPU
		Release|Any CPU = Release|Any CPU
	EndGlobalSection
	GlobalSection(ProjectConfigurationPlatforms) = postSolution
		{A6CF4C8B-CCD2-4D8D-9B44-025BC2E1EAC7}.Debug|Any CPU.ActiveCfg = Debug|Any CPU
		{A6CF4C8B-CCD2-4D8D-9B44-025BC2E1EAC7}.Debug|Any CPU.Build.0 = Debug|Any CPU
		{A6CF4C8B-CCD2-4D8D-9B44-025BC2E1EAC7}.Release|Any CPU.ActiveCfg = Release|Any CPU
		{A6CF4C8B-CCD2-4D8D-9B44-025BC2E1EAC7}.Release|Any CPU.Build.0 = Release|Any CPU
	EndGlobalSection
	GlobalSection(SolutionProperties) = preSolution
		HideSolutionNode = FALSE
	EndGlobalSection
	GlobalSection(ExtensibilityGlobals) = postSolution
		SolutionGuid = {1AE116C8-5128-414C-9DE8-1316C73B657D}
	EndGlobalSection
EndGlobal
